
Microsoft Visual Studio Solution File, Format Version 12.00
# Visual Studio Version 17
VisualStudioVersion = 17.8.34511.84
MinimumVisualStudioVersion = 10.0.40219.1
Project("{2150E333-8FDC-42A3-9474-1A3956D46DE8}") = "src", "src", "{9B2AE124-6636-4DE9-83A3-70360DABD0C4}"
EndProject
Project("{2150E333-8FDC-42A3-9474-1A3956D46DE8}") = "tests", "tests", "{C4110BD8-0D44-4FD5-8C69-C54584465F17}"
EndProject
Project("{9A19103F-16F7-4668-BE54-9A1E7A4F7556}") = "MCP.WebApi", "src\MCP.WebApi\MCP.WebApi.csproj", "{19E7D94C-B236-4B6A-A2D4-1BE906B2C1EA}"
EndProject
Project("{9A19103F-16F7-4668-BE54-9A1E7A4F7556}") = "MCP.Core", "src\MCP.Core\MCP.Core.csproj", "{5C32D417-C84F-4A7C-B36F-A0F0EACC5DF0}"
EndProject
Project("{9A19103F-16F7-4668-BE54-9A1E7A4F7556}") = "MCP.Data", "src\MCP.Data\MCP.Data.csproj", "{68A7A3DF-18AF-4FB3-B2A4-34AF8F2F0A92}"
EndProject
Project("{9A19103F-16F7-4668-BE54-9A1E7A4F7556}") = "MCP.Services", "src\MCP.Services\MCP.Services.csproj", "{8E28163F-D450-45CF-BA32-6ABCF5F27678}"
EndProject
Project("{9A19103F-16F7-4668-BE54-9A1E7A4F7556}") = "MCP.WebApi.Tests", "tests\MCP.WebApi.Tests\MCP.WebApi.Tests.csproj", "{1F8A23C8-4DE9-4A2D-9E19-1A3BD59495A2}"
EndProject
Project("{9A19103F-16F7-4668-BE54-9A1E7A4F7556}") = "MCP.Core.Tests", "tests\MCP.Core.Tests\MCP.Core.Tests.csproj", "{B8E87AF5-B89C-450D-8F34-AB4D2E0A08CF}"
EndProject
Project("{9A19103F-16F7-4668-BE54-9A1E7A4F7556}") = "MCP.Data.Tests", "tests\MCP.Data.Tests\MCP.Data.Tests.csproj", "{0A6CC9A3-8DB4-41D4-917C-967BF1C027F2}"
EndProject
Project("{9A19103F-16F7-4668-BE54-9A1E7A4F7556}") = "MCP.Integration.Tests", "tests\MCP.Integration.Tests\MCP.Integration.Tests.csproj", "{9BB12D5E-8B4F-4B84-97C1-D8A2A7C51008}"
EndProject
Project("{2150E333-8FDC-42A3-9474-1A3956D46DE8}") = "docs", "docs", "{DD7B07A3-84CE-49C2-B93D-C9E1CEFACF3D}"
EndProject
Global
	GlobalSection(SolutionConfigurationPlatforms) = preSolution
		Debug|Any CPU = Debug|Any CPU
		Release|Any CPU = Release|Any CPU
	EndGlobalSection
	GlobalSection(ProjectConfigurationPlatforms) = postSolution
		{19E7D94C-B236-4B6A-A2D4-1BE906B2C1EA}.Debug|Any CPU.ActiveCfg = Debug|Any CPU
		{19E7D94C-B236-4B6A-A2D4-1BE906B2C1EA}.Debug|Any CPU.Build.0 = Debug|Any CPU
		{19E7D94C-B236-4B6A-A2D4-1BE906B2C1EA}.Release|Any CPU.ActiveCfg = Release|Any CPU
		{19E7D94C-B236-4B6A-A2D4-1BE906B2C1EA}.Release|Any CPU.Build.0 = Release|Any CPU
		{5C32D417-C84F-4A7C-B36F-A0F0EACC5DF0}.Debug|Any CPU.ActiveCfg = Debug|Any CPU
		{5C32D417-C84F-4A7C-B36F-A0F0EACC5DF0}.Debug|Any CPU.Build.0 = Debug|Any CPU
		{5C32D417-C84F-4A7C-B36F-A0F0EACC5DF0}.Release|Any CPU.ActiveCfg = Release|Any CPU
		{5C32D417-C84F-4A7C-B36F-A0F0EACC5DF0}.Release|Any CPU.Build.0 = Release|Any CPU
		{68A7A3DF-18AF-4FB3-B2A4-34AF8F2F0A92}.Debug|Any CPU.ActiveCfg = Debug|Any CPU
		{68A7A3DF-18AF-4FB3-B2A4-34AF8F2F0A92}.Debug|Any CPU.Build.0 = Debug|Any CPU
		{68A7A3DF-18AF-4FB3-B2A4-34AF8F2F0A92}.Release|Any CPU.ActiveCfg = Release|Any CPU
		{68A7A3DF-18AF-4FB3-B2A4-34AF8F2F0A92}.Release|Any CPU.Build.0 = Release|Any CPU
		{8E28163F-D450-45CF-BA32-6ABCF5F27678}.Debug|Any CPU.ActiveCfg = Debug|Any CPU
		{8E28163F-D450-45CF-BA32-6ABCF5F27678}.Debug|Any CPU.Build.0 = Debug|Any CPU
		{8E28163F-D450-45CF-BA32-6ABCF5F27678}.Release|Any CPU.ActiveCfg = Release|Any CPU
		{8E28163F-D450-45CF-BA32-6ABCF5F27678}.Release|Any CPU.Build.0 = Release|Any CPU
		{1F8A23C8-4DE9-4A2D-9E19-1A3BD59495A2}.Debug|Any CPU.ActiveCfg = Debug|Any CPU
		{1F8A23C8-4DE9-4A2D-9E19-1A3BD59495A2}.Debug|Any CPU.Build.0 = Debug|Any CPU
		{1F8A23C8-4DE9-4A2D-9E19-1A3BD59495A2}.Release|Any CPU.ActiveCfg = Release|Any CPU
		{1F8A23C8-4DE9-4A2D-9E19-1A3BD59495A2}.Release|Any CPU.Build.0 = Release|Any CPU
		{B8E87AF5-B89C-450D-8F34-AB4D2E0A08CF}.Debug|Any CPU.ActiveCfg = Debug|Any CPU
		{B8E87AF5-B89C-450D-8F34-AB4D2E0A08CF}.Debug|Any CPU.Build.0 = Debug|Any CPU
		{B8E87AF5-B89C-450D-8F34-AB4D2E0A08CF}.Release|Any CPU.ActiveCfg = Release|Any CPU
		{B8E87AF5-B89C-450D-8F34-AB4D2E0A08CF}.Release|Any CPU.Build.0 = Release|Any CPU
		{0A6CC9A3-8DB4-41D4-917C-967BF1C027F2}.Debug|Any CPU.ActiveCfg = Debug|Any CPU
		{0A6CC9A3-8DB4-41D4-917C-967BF1C027F2}.Debug|Any CPU.Build.0 = Debug|Any CPU
		{0A6CC9A3-8DB4-41D4-917C-967BF1C027F2}.Release|Any CPU.ActiveCfg = Release|Any CPU
		{0A6CC9A3-8DB4-41D4-917C-967BF1C027F2}.Release|Any CPU.Build.0 = Release|Any CPU
		{9BB12D5E-8B4F-4B84-97C1-D8A2A7C51008}.Debug|Any CPU.ActiveCfg = Debug|Any CPU
		{9BB12D5E-8B4F-4B84-97C1-D8A2A7C51008}.Debug|Any CPU.Build.0 = Debug|Any CPU
		{9BB12D5E-8B4F-4B84-97C1-D8A2A7C51008}.Release|Any CPU.ActiveCfg = Release|Any CPU
		{9BB12D5E-8B4F-4B84-97C1-D8A2A7C51008}.Release|Any CPU.Build.0 = Release|Any CPU
	EndGlobalSection
	GlobalSection(SolutionProperties) = preSolution
		HideSolutionNode = FALSE
	EndGlobalSection
	GlobalSection(NestedProjects) = preSolution
		{19E7D94C-B236-4B6A-A2D4-1BE906B2C1EA} = {9B2AE124-6636-4DE9-83A3-70360DABD0C4}
		{5C32D417-C84F-4A7C-B36F-A0F0EACC5DF0} = {9B2AE124-6636-4DE9-83A3-70360DABD0C4}
		{68A7A3DF-18AF-4FB3-B2A4-34AF8F2F0A92} = {9B2AE124-6636-4DE9-83A3-70360DABD0C4}
		{8E28163F-D450-45CF-BA32-6ABCF5F27678} = {9B2AE124-6636-4DE9-83A3-70360DABD0C4}
		{1F8A23C8-4DE9-4A2D-9E19-1A3BD59495A2} = {C4110BD8-0D44-4FD5-8C69-C54584465F17}
		{B8E87AF5-B89C-450D-8F34-AB4D2E0A08CF} = {C4110BD8-0D44-4FD5-8C69-C54584465F17}
		{0A6CC9A3-8DB4-41D4-917C-967BF1C027F2} = {C4110BD8-0D44-4FD5-8C69-C54584465F17}
		{9BB12D5E-8B4F-4B84-97C1-D8A2A7C51008} = {C4110BD8-0D44-4FD5-8C69-C54584465F17}
	EndGlobalSection
	GlobalSection(ExtensibilityGlobals) = postSolution
		SolutionGuid = {5D7E1D16-E3DC-41FB-BBD9-CDB0CE24BC50}
	EndGlobalSection
EndGlobal
